
Microsoft Visual Studio Solution File, Format Version 11.00
# Visual Studio 2010
Project("{FAE04EC0-301F-11D3-BF4B-00C04F79EFBC}") = "SimpleVRGame", "Assembly-CSharp.csproj", "{BA5322E9-9B28-DCE5-5A95-B43BF3A12741}"
EndProject
Project("{FAE04EC0-301F-11D3-BF4B-00C04F79EFBC}") = "SimpleVRGame", "Assembly-CSharp-Editor.csproj", "{19797946-3DCD-E0AF-41C7-DF43F97FA4B7}"
EndProject
Global
	GlobalSection(SolutionConfigurationPlatforms) = preSolution
		Debug|Any CPU = Debug|Any CPU
		Release|Any CPU = Release|Any CPU
	EndGlobalSection
	GlobalSection(ProjectConfigurationPlatforms) = postSolution
		{BA5322E9-9B28-DCE5-5A95-B43BF3A12741}.Debug|Any CPU.ActiveCfg = Debug|Any CPU
		{BA5322E9-9B28-DCE5-5A95-B43BF3A12741}.Debug|Any CPU.Build.0 = Debug|Any CPU
		{BA5322E9-9B28-DCE5-5A95-B43BF3A12741}.Release|Any CPU.ActiveCfg = Release|Any CPU
		{BA5322E9-9B28-DCE5-5A95-B43BF3A12741}.Release|Any CPU.Build.0 = Release|Any CPU
		{19797946-3DCD-E0AF-41C7-DF43F97FA4B7}.Debug|Any CPU.ActiveCfg = Debug|Any CPU
		{19797946-3DCD-E0AF-41C7-DF43F97FA4B7}.Debug|Any CPU.Build.0 = Debug|Any CPU
		{19797946-3DCD-E0AF-41C7-DF43F97FA4B7}.Release|Any CPU.ActiveCfg = Release|Any CPU
		{19797946-3DCD-E0AF-41C7-DF43F97FA4B7}.Release|Any CPU.Build.0 = Release|Any CPU
	EndGlobalSection
	GlobalSection(SolutionProperties) = preSolution
		HideSolutionNode = FALSE
	EndGlobalSection
	GlobalSection(MonoDevelopProperties) = preSolution
		StartupItem = Assembly-CSharp.csproj
	EndGlobalSection
EndGlobal
